
Microsoft Visual Studio Solution File, Format Version 12.00
# Visual Studio Version 17
VisualStudioVersion = 17.14.36221.1 d17.14
MinimumVisualStudioVersion = 10.0.40219.1
Project("{8BC9CEB8-8B4A-11D0-8D11-00A0C91BC942}") = "pink pony club continued", "pink pony club continued\pink pony club continued.vcxproj", "{57CA61E3-79ED-421F-B7E4-99022001DC8A}"
EndProject
Global
	GlobalSection(SolutionConfigurationPlatforms) = preSolution
		Debug|x64 = Debug|x64
		Debug|x86 = Debug|x86
		Release|x64 = Release|x64
		Release|x86 = Release|x86
	EndGlobalSection
	GlobalSection(ProjectConfigurationPlatforms) = postSolution
		{57CA61E3-79ED-421F-B7E4-99022001DC8A}.Debug|x64.ActiveCfg = Debug|x64
		{57CA61E3-79ED-421F-B7E4-99022001DC8A}.Debug|x64.Build.0 = Debug|x64
		{57CA61E3-79ED-421F-B7E4-99022001DC8A}.Debug|x86.ActiveCfg = Debug|Win32
		{57CA61E3-79ED-421F-B7E4-99022001DC8A}.Debug|x86.Build.0 = Debug|Win32
		{57CA61E3-79ED-421F-B7E4-99022001DC8A}.Release|x64.ActiveCfg = Release|x64
		{57CA61E3-79ED-421F-B7E4-99022001DC8A}.Release|x64.Build.0 = Release|x64
		{57CA61E3-79ED-421F-B7E4-99022001DC8A}.Release|x86.ActiveCfg = Release|Win32
		{57CA61E3-79ED-421F-B7E4-99022001DC8A}.Release|x86.Build.0 = Release|Win32
	EndGlobalSection
	GlobalSection(SolutionProperties) = preSolution
		HideSolutionNode = FALSE
	EndGlobalSection
	GlobalSection(ExtensibilityGlobals) = postSolution
		SolutionGuid = {12C426DF-577D-400A-80BC-5C51C9029183}
	EndGlobalSection
EndGlobal
